// !$*UTF8*$!
{
	archiveVersion = 1;
	classes = {
	};
	objectVersion = 46;
	objects = {

/* Begin PBXBuildFile section */
		B72537C51ECC1D45002A3824 /* MBProgressHUD.m in Sources */ = {isa = PBXBuildFile; fileRef = B72537C41ECC1D45002A3824 /* MBProgressHUD.m */; };
		B72537CB1ECC2540002A3824 /* BookDetailedViewController.m in Sources */ = {isa = PBXBuildFile; fileRef = B72537CA1ECC2540002A3824 /* BookDetailedViewController.m */; };
		B72537CE1ECC57B1002A3824 /* BookListViewController.m in Sources */ = {isa = PBXBuildFile; fileRef = B72537CD1ECC57B1002A3824 /* BookListViewController.m */; };
		B72537D11ECC5CC9002A3824 /* BookListTableViewCell.m in Sources */ = {isa = PBXBuildFile; fileRef = B72537D01ECC5CC9002A3824 /* BookListTableViewCell.m */; };
		B72537D41ECD4324002A3824 /* BookCaseTableViewCell.m in Sources */ = {isa = PBXBuildFile; fileRef = B72537D31ECD4324002A3824 /* BookCaseTableViewCell.m */; };
		B72537D81ECD8341002A3824 /* SettingsViewController.m in Sources */ = {isa = PBXBuildFile; fileRef = B72537D71ECD8341002A3824 /* SettingsViewController.m */; };
		B72537DC1ECE8218002A3824 /* KDModel_CategoryBase.m in Sources */ = {isa = PBXBuildFile; fileRef = B72537DB1ECE8218002A3824 /* KDModel_CategoryBase.m */; };
		B7476D701ECAF159004D5F40 /* CardTableViewCell.m in Sources */ = {isa = PBXBuildFile; fileRef = B7476D6F1ECAF159004D5F40 /* CardTableViewCell.m */; };
		B7476DBF1ECBDC44004D5F40 /* TAAbstractDotView.m in Sources */ = {isa = PBXBuildFile; fileRef = B7476DB21ECBDC44004D5F40 /* TAAbstractDotView.m */; };
		B7476DC01ECBDC44004D5F40 /* TAAnimatedDotView.m in Sources */ = {isa = PBXBuildFile; fileRef = B7476DB41ECBDC44004D5F40 /* TAAnimatedDotView.m */; };
		B7476DC11ECBDC44004D5F40 /* TADotView.m in Sources */ = {isa = PBXBuildFile; fileRef = B7476DB61ECBDC44004D5F40 /* TADotView.m */; };
		B7476DC21ECBDC44004D5F40 /* TAPageControl.m in Sources */ = {isa = PBXBuildFile; fileRef = B7476DB81ECBDC44004D5F40 /* TAPageControl.m */; };
		B7476DC31ECBDC44004D5F40 /* SDCollectionViewCell.m in Sources */ = {isa = PBXBuildFile; fileRef = B7476DBA1ECBDC44004D5F40 /* SDCollectionViewCell.m */; };
		B7476DC41ECBDC44004D5F40 /* SDCycleScrollView.m in Sources */ = {isa = PBXBuildFile; fileRef = B7476DBC1ECBDC44004D5F40 /* SDCycleScrollView.m */; };
		B7476DC51ECBDC44004D5F40 /* UIView+SDExtension.m in Sources */ = {isa = PBXBuildFile; fileRef = B7476DBE1ECBDC44004D5F40 /* UIView+SDExtension.m */; };
		B7476DF21ECBDCE8004D5F40 /* MKAnnotationView+WebCache.m in Sources */ = {isa = PBXBuildFile; fileRef = B7476DCB1ECBDCE8004D5F40 /* MKAnnotationView+WebCache.m */; };
		B7476DF31ECBDCE8004D5F40 /* NSData+ImageContentType.m in Sources */ = {isa = PBXBuildFile; fileRef = B7476DCD1ECBDCE8004D5F40 /* NSData+ImageContentType.m */; };
		B7476DF41ECBDCE8004D5F40 /* NSImage+WebCache.m in Sources */ = {isa = PBXBuildFile; fileRef = B7476DCF1ECBDCE8004D5F40 /* NSImage+WebCache.m */; };
		B7476DF51ECBDCE8004D5F40 /* SDImageCache.m in Sources */ = {isa = PBXBuildFile; fileRef = B7476DD11ECBDCE8004D5F40 /* SDImageCache.m */; };
		B7476DF61ECBDCE8004D5F40 /* SDImageCacheConfig.m in Sources */ = {isa = PBXBuildFile; fileRef = B7476DD31ECBDCE8004D5F40 /* SDImageCacheConfig.m */; };
		B7476DF71ECBDCE8004D5F40 /* SDWebImageCompat.m in Sources */ = {isa = PBXBuildFile; fileRef = B7476DD51ECBDCE8004D5F40 /* SDWebImageCompat.m */; };
		B7476DF81ECBDCE8004D5F40 /* SDWebImageDecoder.m in Sources */ = {isa = PBXBuildFile; fileRef = B7476DD71ECBDCE8004D5F40 /* SDWebImageDecoder.m */; };
		B7476DF91ECBDCE8004D5F40 /* SDWebImageDownloader.m in Sources */ = {isa = PBXBuildFile; fileRef = B7476DD91ECBDCE8004D5F40 /* SDWebImageDownloader.m */; };
		B7476DFA1ECBDCE8004D5F40 /* SDWebImageDownloaderOperation.m in Sources */ = {isa = PBXBuildFile; fileRef = B7476DDB1ECBDCE8004D5F40 /* SDWebImageDownloaderOperation.m */; };
		B7476DFB1ECBDCE8004D5F40 /* SDWebImageManager.m in Sources */ = {isa = PBXBuildFile; fileRef = B7476DDD1ECBDCE8004D5F40 /* SDWebImageManager.m */; };
		B7476DFC1ECBDCE8004D5F40 /* SDWebImagePrefetcher.m in Sources */ = {isa = PBXBuildFile; fileRef = B7476DE01ECBDCE8004D5F40 /* SDWebImagePrefetcher.m */; };
		B7476DFD1ECBDCE8004D5F40 /* UIButton+WebCache.m in Sources */ = {isa = PBXBuildFile; fileRef = B7476DE21ECBDCE8004D5F40 /* UIButton+WebCache.m */; };
		B7476DFE1ECBDCE8004D5F40 /* UIImage+GIF.m in Sources */ = {isa = PBXBuildFile; fileRef = B7476DE41ECBDCE8004D5F40 /* UIImage+GIF.m */; };
		B7476DFF1ECBDCE8004D5F40 /* UIImage+MultiFormat.m in Sources */ = {isa = PBXBuildFile; fileRef = B7476DE61ECBDCE8004D5F40 /* UIImage+MultiFormat.m */; };
		B7476E001ECBDCE8004D5F40 /* UIImage+WebP.m in Sources */ = {isa = PBXBuildFile; fileRef = B7476DE81ECBDCE8004D5F40 /* UIImage+WebP.m */; };
		B7476E011ECBDCE8004D5F40 /* UIImageView+HighlightedWebCache.m in Sources */ = {isa = PBXBuildFile; fileRef = B7476DEA1ECBDCE8004D5F40 /* UIImageView+HighlightedWebCache.m */; };
		B7476E021ECBDCE8004D5F40 /* UIImageView+WebCache.m in Sources */ = {isa = PBXBuildFile; fileRef = B7476DEC1ECBDCE8004D5F40 /* UIImageView+WebCache.m */; };
		B7476E031ECBDCE8004D5F40 /* UIView+WebCache.m in Sources */ = {isa = PBXBuildFile; fileRef = B7476DEE1ECBDCE8004D5F40 /* UIView+WebCache.m */; };
		B7476E041ECBDCE8004D5F40 /* UIView+WebCacheOperation.m in Sources */ = {isa = PBXBuildFile; fileRef = B7476DF01ECBDCE8004D5F40 /* UIView+WebCacheOperation.m */; };
		B7476E131ECBDD2C004D5F40 /* AFHTTPSessionManager.m in Sources */ = {isa = PBXBuildFile; fileRef = B7476E071ECBDD2C004D5F40 /* AFHTTPSessionManager.m */; };
		B7476E141ECBDD2C004D5F40 /* AFNetworkReachabilityManager.m in Sources */ = {isa = PBXBuildFile; fileRef = B7476E0A1ECBDD2C004D5F40 /* AFNetworkReachabilityManager.m */; };
		B7476E151ECBDD2C004D5F40 /* AFSecurityPolicy.m in Sources */ = {isa = PBXBuildFile; fileRef = B7476E0C1ECBDD2C004D5F40 /* AFSecurityPolicy.m */; };
		B7476E161ECBDD2C004D5F40 /* AFURLRequestSerialization.m in Sources */ = {isa = PBXBuildFile; fileRef = B7476E0E1ECBDD2C004D5F40 /* AFURLRequestSerialization.m */; };
		B7476E171ECBDD2C004D5F40 /* AFURLResponseSerialization.m in Sources */ = {isa = PBXBuildFile; fileRef = B7476E101ECBDD2C004D5F40 /* AFURLResponseSerialization.m */; };
		B7476E181ECBDD2C004D5F40 /* AFURLSessionManager.m in Sources */ = {isa = PBXBuildFile; fileRef = B7476E121ECBDD2C004D5F40 /* AFURLSessionManager.m */; };
		B7476E341ECBDD43004D5F40 /* Info.plist in Resources */ = {isa = PBXBuildFile; fileRef = B7476E1A1ECBDD43004D5F40 /* Info.plist */; };
		B7476E351ECBDD43004D5F40 /* MASCompositeConstraint.m in Sources */ = {isa = PBXBuildFile; fileRef = B7476E1C1ECBDD43004D5F40 /* MASCompositeConstraint.m */; };
		B7476E361ECBDD43004D5F40 /* MASConstraint.m in Sources */ = {isa = PBXBuildFile; fileRef = B7476E1F1ECBDD43004D5F40 /* MASConstraint.m */; };
		B7476E371ECBDD43004D5F40 /* MASConstraintMaker.m in Sources */ = {isa = PBXBuildFile; fileRef = B7476E211ECBDD43004D5F40 /* MASConstraintMaker.m */; };
		B7476E381ECBDD43004D5F40 /* MASLayoutConstraint.m in Sources */ = {isa = PBXBuildFile; fileRef = B7476E231ECBDD43004D5F40 /* MASLayoutConstraint.m */; };
		B7476E391ECBDD43004D5F40 /* MASViewAttribute.m in Sources */ = {isa = PBXBuildFile; fileRef = B7476E271ECBDD43004D5F40 /* MASViewAttribute.m */; };
		B7476E3A1ECBDD43004D5F40 /* MASViewConstraint.m in Sources */ = {isa = PBXBuildFile; fileRef = B7476E291ECBDD43004D5F40 /* MASViewConstraint.m */; };
		B7476E3B1ECBDD43004D5F40 /* NSArray+MASAdditions.m in Sources */ = {isa = PBXBuildFile; fileRef = B7476E2B1ECBDD43004D5F40 /* NSArray+MASAdditions.m */; };
		B7476E3C1ECBDD43004D5F40 /* NSLayoutConstraint+MASDebugAdditions.m in Sources */ = {isa = PBXBuildFile; fileRef = B7476E2E1ECBDD43004D5F40 /* NSLayoutConstraint+MASDebugAdditions.m */; };
		B7476E3D1ECBDD43004D5F40 /* View+MASAdditions.m in Sources */ = {isa = PBXBuildFile; fileRef = B7476E301ECBDD43004D5F40 /* View+MASAdditions.m */; };
		B7476E3E1ECBDD43004D5F40 /* ViewController+MASAdditions.m in Sources */ = {isa = PBXBuildFile; fileRef = B7476E331ECBDD43004D5F40 /* ViewController+MASAdditions.m */; };
		B7476E411ECBE37F004D5F40 /* CardCollectionViewCell.m in Sources */ = {isa = PBXBuildFile; fileRef = B7476E401ECBE37F004D5F40 /* CardCollectionViewCell.m */; };
		B77573CD1ECAA634001008E9 /* BaseViewController.m in Sources */ = {isa = PBXBuildFile; fileRef = B77573CC1ECAA634001008E9 /* BaseViewController.m */; };
		B77573D01ECAA66C001008E9 /* BookcaseViewController.m in Sources */ = {isa = PBXBuildFile; fileRef = B77573CF1ECAA66C001008E9 /* BookcaseViewController.m */; };
		B77573D31ECAA6A0001008E9 /* CategoryViewController.m in Sources */ = {isa = PBXBuildFile; fileRef = B77573D21ECAA6A0001008E9 /* CategoryViewController.m */; };
		B77573D61ECAA6B2001008E9 /* SearchViewController.m in Sources */ = {isa = PBXBuildFile; fileRef = B77573D51ECAA6B2001008E9 /* SearchViewController.m */; };
		B77573D91ECAA8B7001008E9 /* SelectionViewController.m in Sources */ = {isa = PBXBuildFile; fileRef = B77573D81ECAA8B7001008E9 /* SelectionViewController.m */; };
		B77573EB1ECAD7F8001008E9 /* BaseNavigationViewController.m in Sources */ = {isa = PBXBuildFile; fileRef = B77573EA1ECAD7F8001008E9 /* BaseNavigationViewController.m */; };
		B7D6100D1EC9C0870065B920 /* main.m in Sources */ = {isa = PBXBuildFile; fileRef = B7D6100C1EC9C0870065B920 /* main.m */; };
		B7D610101EC9C0870065B920 /* AppDelegate.m in Sources */ = {isa = PBXBuildFile; fileRef = B7D6100F1EC9C0870065B920 /* AppDelegate.m */; };
		B7D610131EC9C0870065B920 /* ViewController.m in Sources */ = {isa = PBXBuildFile; fileRef = B7D610121EC9C0870065B920 /* ViewController.m */; };
		B7D610161EC9C0870065B920 /* Main.storyboard in Resources */ = {isa = PBXBuildFile; fileRef = B7D610141EC9C0870065B920 /* Main.storyboard */; };
		B7D610181EC9C0870065B920 /* Assets.xcassets in Resources */ = {isa = PBXBuildFile; fileRef = B7D610171EC9C0870065B920 /* Assets.xcassets */; };
		B7D6101B1EC9C0870065B920 /* LaunchScreen.storyboard in Resources */ = {isa = PBXBuildFile; fileRef = B7D610191EC9C0870065B920 /* LaunchScreen.storyboard */; };
		B7D610261EC9C0870065B920 /* KDReaderTests.m in Sources */ = {isa = PBXBuildFile; fileRef = B7D610251EC9C0870065B920 /* KDReaderTests.m */; };
		B7D610311EC9C0870065B920 /* KDReaderUITests.m in Sources */ = {isa = PBXBuildFile; fileRef = B7D610301EC9C0870065B920 /* KDReaderUITests.m */; };
/* End PBXBuildFile section */

/* Begin PBXContainerItemProxy section */
		B7D610221EC9C0870065B920 /* PBXContainerItemProxy */ = {
			isa = PBXContainerItemProxy;
			containerPortal = B7D610001EC9C0870065B920 /* Project object */;
			proxyType = 1;
			remoteGlobalIDString = B7D610071EC9C0870065B920;
			remoteInfo = KDReader;
		};
		B7D6102D1EC9C0870065B920 /* PBXContainerItemProxy */ = {
			isa = PBXContainerItemProxy;
			containerPortal = B7D610001EC9C0870065B920 /* Project object */;
			proxyType = 1;
			remoteGlobalIDString = B7D610071EC9C0870065B920;
			remoteInfo = KDReader;
		};
/* End PBXContainerItemProxy section */

/* Begin PBXFileReference section */
		B72537C31ECC1D45002A3824 /* MBProgressHUD.h */ = {isa = PBXFileReference; fileEncoding = 4; lastKnownFileType = sourcecode.c.h; path = MBProgressHUD.h; sourceTree = "<group>"; };
		B72537C41ECC1D45002A3824 /* MBProgressHUD.m */ = {isa = PBXFileReference; fileEncoding = 4; lastKnownFileType = sourcecode.c.objc; path = MBProgressHUD.m; sourceTree = "<group>"; };
		B72537C91ECC2540002A3824 /* BookDetailedViewController.h */ = {isa = PBXFileReference; fileEncoding = 4; lastKnownFileType = sourcecode.c.h; path = BookDetailedViewController.h; sourceTree = "<group>"; };
		B72537CA1ECC2540002A3824 /* BookDetailedViewController.m */ = {isa = PBXFileReference; fileEncoding = 4; lastKnownFileType = sourcecode.c.objc; path = BookDetailedViewController.m; sourceTree = "<group>"; };
		B72537CC1ECC57B1002A3824 /* BookListViewController.h */ = {isa = PBXFileReference; fileEncoding = 4; lastKnownFileType = sourcecode.c.h; path = BookListViewController.h; sourceTree = "<group>"; };
		B72537CD1ECC57B1002A3824 /* BookListViewController.m */ = {isa = PBXFileReference; fileEncoding = 4; lastKnownFileType = sourcecode.c.objc; path = BookListViewController.m; sourceTree = "<group>"; };
		B72537CF1ECC5CC9002A3824 /* BookListTableViewCell.h */ = {isa = PBXFileReference; fileEncoding = 4; lastKnownFileType = sourcecode.c.h; path = BookListTableViewCell.h; sourceTree = "<group>"; };
		B72537D01ECC5CC9002A3824 /* BookListTableViewCell.m */ = {isa = PBXFileReference; fileEncoding = 4; lastKnownFileType = sourcecode.c.objc; path = BookListTableViewCell.m; sourceTree = "<group>"; };
		B72537D21ECD4324002A3824 /* BookCaseTableViewCell.h */ = {isa = PBXFileReference; fileEncoding = 4; lastKnownFileType = sourcecode.c.h; path = BookCaseTableViewCell.h; sourceTree = "<group>"; };
		B72537D31ECD4324002A3824 /* BookCaseTableViewCell.m */ = {isa = PBXFileReference; fileEncoding = 4; lastKnownFileType = sourcecode.c.objc; path = BookCaseTableViewCell.m; sourceTree = "<group>"; };
		B72537D61ECD8341002A3824 /* SettingsViewController.h */ = {isa = PBXFileReference; fileEncoding = 4; lastKnownFileType = sourcecode.c.h; path = SettingsViewController.h; sourceTree = "<group>"; };
		B72537D71ECD8341002A3824 /* SettingsViewController.m */ = {isa = PBXFileReference; fileEncoding = 4; lastKnownFileType = sourcecode.c.objc; path = SettingsViewController.m; sourceTree = "<group>"; };
		B72537D91ECDAA6C002A3824 /* CategoryList.json */ = {isa = PBXFileReference; lastKnownFileType = text.json; name = CategoryList.json; path = ../CategoryList.json; sourceTree = "<group>"; };
		B72537DA1ECE8218002A3824 /* KDModel_CategoryBase.h */ = {isa = PBXFileReference; fileEncoding = 4; lastKnownFileType = sourcecode.c.h; path = KDModel_CategoryBase.h; sourceTree = "<group>"; };
		B72537DB1ECE8218002A3824 /* KDModel_CategoryBase.m */ = {isa = PBXFileReference; fileEncoding = 4; lastKnownFileType = sourcecode.c.objc; path = KDModel_CategoryBase.m; sourceTree = "<group>"; };
		B72537DD1ECE8223002A3824 /* DataModels.h */ = {isa = PBXFileReference; lastKnownFileType = sourcecode.c.h; path = DataModels.h; sourceTree = "<group>"; };
		B7476D6E1ECAF159004D5F40 /* CardTableViewCell.h */ = {isa = PBXFileReference; fileEncoding = 4; lastKnownFileType = sourcecode.c.h; path = CardTableViewCell.h; sourceTree = "<group>"; };
		B7476D6F1ECAF159004D5F40 /* CardTableViewCell.m */ = {isa = PBXFileReference; fileEncoding = 4; lastKnownFileType = sourcecode.c.objc; path = CardTableViewCell.m; sourceTree = "<group>"; };
		B7476DB11ECBDC44004D5F40 /* TAAbstractDotView.h */ = {isa = PBXFileReference; fileEncoding = 4; lastKnownFileType = sourcecode.c.h; path = TAAbstractDotView.h; sourceTree = "<group>"; };
		B7476DB21ECBDC44004D5F40 /* TAAbstractDotView.m */ = {isa = PBXFileReference; fileEncoding = 4; lastKnownFileType = sourcecode.c.objc; path = TAAbstractDotView.m; sourceTree = "<group>"; };
		B7476DB31ECBDC44004D5F40 /* TAAnimatedDotView.h */ = {isa = PBXFileReference; fileEncoding = 4; lastKnownFileType = sourcecode.c.h; path = TAAnimatedDotView.h; sourceTree = "<group>"; };
		B7476DB41ECBDC44004D5F40 /* TAAnimatedDotView.m */ = {isa = PBXFileReference; fileEncoding = 4; lastKnownFileType = sourcecode.c.objc; path = TAAnimatedDotView.m; sourceTree = "<group>"; };
		B7476DB51ECBDC44004D5F40 /* TADotView.h */ = {isa = PBXFileReference; fileEncoding = 4; lastKnownFileType = sourcecode.c.h; path = TADotView.h; sourceTree = "<group>"; };
		B7476DB61ECBDC44004D5F40 /* TADotView.m */ = {isa = PBXFileReference; fileEncoding = 4; lastKnownFileType = sourcecode.c.objc; path = TADotView.m; sourceTree = "<group>"; };
		B7476DB71ECBDC44004D5F40 /* TAPageControl.h */ = {isa = PBXFileReference; fileEncoding = 4; lastKnownFileType = sourcecode.c.h; path = TAPageControl.h; sourceTree = "<group>"; };
		B7476DB81ECBDC44004D5F40 /* TAPageControl.m */ = {isa = PBXFileReference; fileEncoding = 4; lastKnownFileType = sourcecode.c.objc; path = TAPageControl.m; sourceTree = "<group>"; };
		B7476DB91ECBDC44004D5F40 /* SDCollectionViewCell.h */ = {isa = PBXFileReference; fileEncoding = 4; lastKnownFileType = sourcecode.c.h; path = SDCollectionViewCell.h; sourceTree = "<group>"; };
		B7476DBA1ECBDC44004D5F40 /* SDCollectionViewCell.m */ = {isa = PBXFileReference; fileEncoding = 4; lastKnownFileType = sourcecode.c.objc; path = SDCollectionViewCell.m; sourceTree = "<group>"; };
		B7476DBB1ECBDC44004D5F40 /* SDCycleScrollView.h */ = {isa = PBXFileReference; fileEncoding = 4; lastKnownFileType = sourcecode.c.h; path = SDCycleScrollView.h; sourceTree = "<group>"; };
		B7476DBC1ECBDC44004D5F40 /* SDCycleScrollView.m */ = {isa = PBXFileReference; fileEncoding = 4; lastKnownFileType = sourcecode.c.objc; path = SDCycleScrollView.m; sourceTree = "<group>"; };
		B7476DBD1ECBDC44004D5F40 /* UIView+SDExtension.h */ = {isa = PBXFileReference; fileEncoding = 4; lastKnownFileType = sourcecode.c.h; path = "UIView+SDExtension.h"; sourceTree = "<group>"; };
		B7476DBE1ECBDC44004D5F40 /* UIView+SDExtension.m */ = {isa = PBXFileReference; fileEncoding = 4; lastKnownFileType = sourcecode.c.objc; path = "UIView+SDExtension.m"; sourceTree = "<group>"; };
		B7476DCA1ECBDCE8004D5F40 /* MKAnnotationView+WebCache.h */ = {isa = PBXFileReference; fileEncoding = 4; lastKnownFileType = sourcecode.c.h; path = "MKAnnotationView+WebCache.h"; sourceTree = "<group>"; };
		B7476DCB1ECBDCE8004D5F40 /* MKAnnotationView+WebCache.m */ = {isa = PBXFileReference; fileEncoding = 4; lastKnownFileType = sourcecode.c.objc; path = "MKAnnotationView+WebCache.m"; sourceTree = "<group>"; };
		B7476DCC1ECBDCE8004D5F40 /* NSData+ImageContentType.h */ = {isa = PBXFileReference; fileEncoding = 4; lastKnownFileType = sourcecode.c.h; path = "NSData+ImageContentType.h"; sourceTree = "<group>"; };
		B7476DCD1ECBDCE8004D5F40 /* NSData+ImageContentType.m */ = {isa = PBXFileReference; fileEncoding = 4; lastKnownFileType = sourcecode.c.objc; path = "NSData+ImageContentType.m"; sourceTree = "<group>"; };
		B7476DCE1ECBDCE8004D5F40 /* NSImage+WebCache.h */ = {isa = PBXFileReference; fileEncoding = 4; lastKnownFileType = sourcecode.c.h; path = "NSImage+WebCache.h"; sourceTree = "<group>"; };
		B7476DCF1ECBDCE8004D5F40 /* NSImage+WebCache.m */ = {isa = PBXFileReference; fileEncoding = 4; lastKnownFileType = sourcecode.c.objc; path = "NSImage+WebCache.m"; sourceTree = "<group>"; };
		B7476DD01ECBDCE8004D5F40 /* SDImageCache.h */ = {isa = PBXFileReference; fileEncoding = 4; lastKnownFileType = sourcecode.c.h; path = SDImageCache.h; sourceTree = "<group>"; };
		B7476DD11ECBDCE8004D5F40 /* SDImageCache.m */ = {isa = PBXFileReference; fileEncoding = 4; lastKnownFileType = sourcecode.c.objc; path = SDImageCache.m; sourceTree = "<group>"; };
		B7476DD21ECBDCE8004D5F40 /* SDImageCacheConfig.h */ = {isa = PBXFileReference; fileEncoding = 4; lastKnownFileType = sourcecode.c.h; path = SDImageCacheConfig.h; sourceTree = "<group>"; };
		B7476DD31ECBDCE8004D5F40 /* SDImageCacheConfig.m */ = {isa = PBXFileReference; fileEncoding = 4; lastKnownFileType = sourcecode.c.objc; path = SDImageCacheConfig.m; sourceTree = "<group>"; };
		B7476DD41ECBDCE8004D5F40 /* SDWebImageCompat.h */ = {isa = PBXFileReference; fileEncoding = 4; lastKnownFileType = sourcecode.c.h; path = SDWebImageCompat.h; sourceTree = "<group>"; };
		B7476DD51ECBDCE8004D5F40 /* SDWebImageCompat.m */ = {isa = PBXFileReference; fileEncoding = 4; lastKnownFileType = sourcecode.c.objc; path = SDWebImageCompat.m; sourceTree = "<group>"; };
		B7476DD61ECBDCE8004D5F40 /* SDWebImageDecoder.h */ = {isa = PBXFileReference; fileEncoding = 4; lastKnownFileType = sourcecode.c.h; path = SDWebImageDecoder.h; sourceTree = "<group>"; };
		B7476DD71ECBDCE8004D5F40 /* SDWebImageDecoder.m */ = {isa = PBXFileReference; fileEncoding = 4; lastKnownFileType = sourcecode.c.objc; path = SDWebImageDecoder.m; sourceTree = "<group>"; };
		B7476DD81ECBDCE8004D5F40 /* SDWebImageDownloader.h */ = {isa = PBXFileReference; fileEncoding = 4; lastKnownFileType = sourcecode.c.h; path = SDWebImageDownloader.h; sourceTree = "<group>"; };
		B7476DD91ECBDCE8004D5F40 /* SDWebImageDownloader.m */ = {isa = PBXFileReference; fileEncoding = 4; lastKnownFileType = sourcecode.c.objc; path = SDWebImageDownloader.m; sourceTree = "<group>"; };
		B7476DDA1ECBDCE8004D5F40 /* SDWebImageDownloaderOperation.h */ = {isa = PBXFileReference; fileEncoding = 4; lastKnownFileType = sourcecode.c.h; path = SDWebImageDownloaderOperation.h; sourceTree = "<group>"; };
		B7476DDB1ECBDCE8004D5F40 /* SDWebImageDownloaderOperation.m */ = {isa = PBXFileReference; fileEncoding = 4; lastKnownFileType = sourcecode.c.objc; path = SDWebImageDownloaderOperation.m; sourceTree = "<group>"; };
		B7476DDC1ECBDCE8004D5F40 /* SDWebImageManager.h */ = {isa = PBXFileReference; fileEncoding = 4; lastKnownFileType = sourcecode.c.h; path = SDWebImageManager.h; sourceTree = "<group>"; };
		B7476DDD1ECBDCE8004D5F40 /* SDWebImageManager.m */ = {isa = PBXFileReference; fileEncoding = 4; lastKnownFileType = sourcecode.c.objc; path = SDWebImageManager.m; sourceTree = "<group>"; };
		B7476DDE1ECBDCE8004D5F40 /* SDWebImageOperation.h */ = {isa = PBXFileReference; fileEncoding = 4; lastKnownFileType = sourcecode.c.h; path = SDWebImageOperation.h; sourceTree = "<group>"; };
		B7476DDF1ECBDCE8004D5F40 /* SDWebImagePrefetcher.h */ = {isa = PBXFileReference; fileEncoding = 4; lastKnownFileType = sourcecode.c.h; path = SDWebImagePrefetcher.h; sourceTree = "<group>"; };
		B7476DE01ECBDCE8004D5F40 /* SDWebImagePrefetcher.m */ = {isa = PBXFileReference; fileEncoding = 4; lastKnownFileType = sourcecode.c.objc; path = SDWebImagePrefetcher.m; sourceTree = "<group>"; };
		B7476DE11ECBDCE8004D5F40 /* UIButton+WebCache.h */ = {isa = PBXFileReference; fileEncoding = 4; lastKnownFileType = sourcecode.c.h; path = "UIButton+WebCache.h"; sourceTree = "<group>"; };
		B7476DE21ECBDCE8004D5F40 /* UIButton+WebCache.m */ = {isa = PBXFileReference; fileEncoding = 4; lastKnownFileType = sourcecode.c.objc; path = "UIButton+WebCache.m"; sourceTree = "<group>"; };
		B7476DE31ECBDCE8004D5F40 /* UIImage+GIF.h */ = {isa = PBXFileReference; fileEncoding = 4; lastKnownFileType = sourcecode.c.h; path = "UIImage+GIF.h"; sourceTree = "<group>"; };
		B7476DE41ECBDCE8004D5F40 /* UIImage+GIF.m */ = {isa = PBXFileReference; fileEncoding = 4; lastKnownFileType = sourcecode.c.objc; path = "UIImage+GIF.m"; sourceTree = "<group>"; };
		B7476DE51ECBDCE8004D5F40 /* UIImage+MultiFormat.h */ = {isa = PBXFileReference; fileEncoding = 4; lastKnownFileType = sourcecode.c.h; path = "UIImage+MultiFormat.h"; sourceTree = "<group>"; };
		B7476DE61ECBDCE8004D5F40 /* UIImage+MultiFormat.m */ = {isa = PBXFileReference; fileEncoding = 4; lastKnownFileType = sourcecode.c.objc; path = "UIImage+MultiFormat.m"; sourceTree = "<group>"; };
		B7476DE71ECBDCE8004D5F40 /* UIImage+WebP.h */ = {isa = PBXFileReference; fileEncoding = 4; lastKnownFileType = sourcecode.c.h; path = "UIImage+WebP.h"; sourceTree = "<group>"; };
		B7476DE81ECBDCE8004D5F40 /* UIImage+WebP.m */ = {isa = PBXFileReference; fileEncoding = 4; lastKnownFileType = sourcecode.c.objc; path = "UIImage+WebP.m"; sourceTree = "<group>"; };
		B7476DE91ECBDCE8004D5F40 /* UIImageView+HighlightedWebCache.h */ = {isa = PBXFileReference; fileEncoding = 4; lastKnownFileType = sourcecode.c.h; path = "UIImageView+HighlightedWebCache.h"; sourceTree = "<group>"; };
		B7476DEA1ECBDCE8004D5F40 /* UIImageView+HighlightedWebCache.m */ = {isa = PBXFileReference; fileEncoding = 4; lastKnownFileType = sourcecode.c.objc; path = "UIImageView+HighlightedWebCache.m"; sourceTree = "<group>"; };
		B7476DEB1ECBDCE8004D5F40 /* UIImageView+WebCache.h */ = {isa = PBXFileReference; fileEncoding = 4; lastKnownFileType = sourcecode.c.h; path = "UIImageView+WebCache.h"; sourceTree = "<group>"; };
		B7476DEC1ECBDCE8004D5F40 /* UIImageView+WebCache.m */ = {isa = PBXFileReference; fileEncoding = 4; lastKnownFileType = sourcecode.c.objc; path = "UIImageView+WebCache.m"; sourceTree = "<group>"; };
		B7476DED1ECBDCE8004D5F40 /* UIView+WebCache.h */ = {isa = PBXFileReference; fileEncoding = 4; lastKnownFileType = sourcecode.c.h; path = "UIView+WebCache.h"; sourceTree = "<group>"; };
		B7476DEE1ECBDCE8004D5F40 /* UIView+WebCache.m */ = {isa = PBXFileReference; fileEncoding = 4; lastKnownFileType = sourcecode.c.objc; path = "UIView+WebCache.m"; sourceTree = "<group>"; };
		B7476DEF1ECBDCE8004D5F40 /* UIView+WebCacheOperation.h */ = {isa = PBXFileReference; fileEncoding = 4; lastKnownFileType = sourcecode.c.h; path = "UIView+WebCacheOperation.h"; sourceTree = "<group>"; };
		B7476DF01ECBDCE8004D5F40 /* UIView+WebCacheOperation.m */ = {isa = PBXFileReference; fileEncoding = 4; lastKnownFileType = sourcecode.c.objc; path = "UIView+WebCacheOperation.m"; sourceTree = "<group>"; };
		B7476E061ECBDD2C004D5F40 /* AFHTTPSessionManager.h */ = {isa = PBXFileReference; fileEncoding = 4; lastKnownFileType = sourcecode.c.h; path = AFHTTPSessionManager.h; sourceTree = "<group>"; };
		B7476E071ECBDD2C004D5F40 /* AFHTTPSessionManager.m */ = {isa = PBXFileReference; fileEncoding = 4; lastKnownFileType = sourcecode.c.objc; path = AFHTTPSessionManager.m; sourceTree = "<group>"; };
		B7476E081ECBDD2C004D5F40 /* AFNetworking.h */ = {isa = PBXFileReference; fileEncoding = 4; lastKnownFileType = sourcecode.c.h; path = AFNetworking.h; sourceTree = "<group>"; };
		B7476E091ECBDD2C004D5F40 /* AFNetworkReachabilityManager.h */ = {isa = PBXFileReference; fileEncoding = 4; lastKnownFileType = sourcecode.c.h; path = AFNetworkReachabilityManager.h; sourceTree = "<group>"; };
		B7476E0A1ECBDD2C004D5F40 /* AFNetworkReachabilityManager.m */ = {isa = PBXFileReference; fileEncoding = 4; lastKnownFileType = sourcecode.c.objc; path = AFNetworkReachabilityManager.m; sourceTree = "<group>"; };
		B7476E0B1ECBDD2C004D5F40 /* AFSecurityPolicy.h */ = {isa = PBXFileReference; fileEncoding = 4; lastKnownFileType = sourcecode.c.h; path = AFSecurityPolicy.h; sourceTree = "<group>"; };
		B7476E0C1ECBDD2C004D5F40 /* AFSecurityPolicy.m */ = {isa = PBXFileReference; fileEncoding = 4; lastKnownFileType = sourcecode.c.objc; path = AFSecurityPolicy.m; sourceTree = "<group>"; };
		B7476E0D1ECBDD2C004D5F40 /* AFURLRequestSerialization.h */ = {isa = PBXFileReference; fileEncoding = 4; lastKnownFileType = sourcecode.c.h; path = AFURLRequestSerialization.h; sourceTree = "<group>"; };
		B7476E0E1ECBDD2C004D5F40 /* AFURLRequestSerialization.m */ = {isa = PBXFileReference; fileEncoding = 4; lastKnownFileType = sourcecode.c.objc; path = AFURLRequestSerialization.m; sourceTree = "<group>"; };
		B7476E0F1ECBDD2C004D5F40 /* AFURLResponseSerialization.h */ = {isa = PBXFileReference; fileEncoding = 4; lastKnownFileType = sourcecode.c.h; path = AFURLResponseSerialization.h; sourceTree = "<group>"; };
		B7476E101ECBDD2C004D5F40 /* AFURLResponseSerialization.m */ = {isa = PBXFileReference; fileEncoding = 4; lastKnownFileType = sourcecode.c.objc; path = AFURLResponseSerialization.m; sourceTree = "<group>"; };
		B7476E111ECBDD2C004D5F40 /* AFURLSessionManager.h */ = {isa = PBXFileReference; fileEncoding = 4; lastKnownFileType = sourcecode.c.h; path = AFURLSessionManager.h; sourceTree = "<group>"; };
		B7476E121ECBDD2C004D5F40 /* AFURLSessionManager.m */ = {isa = PBXFileReference; fileEncoding = 4; lastKnownFileType = sourcecode.c.objc; path = AFURLSessionManager.m; sourceTree = "<group>"; };
		B7476E1A1ECBDD43004D5F40 /* Info.plist */ = {isa = PBXFileReference; fileEncoding = 4; lastKnownFileType = text.plist.xml; path = Info.plist; sourceTree = "<group>"; };
		B7476E1B1ECBDD43004D5F40 /* MASCompositeConstraint.h */ = {isa = PBXFileReference; fileEncoding = 4; lastKnownFileType = sourcecode.c.h; path = MASCompositeConstraint.h; sourceTree = "<group>"; };
		B7476E1C1ECBDD43004D5F40 /* MASCompositeConstraint.m */ = {isa = PBXFileReference; fileEncoding = 4; lastKnownFileType = sourcecode.c.objc; path = MASCompositeConstraint.m; sourceTree = "<group>"; };
		B7476E1D1ECBDD43004D5F40 /* MASConstraint+Private.h */ = {isa = PBXFileReference; fileEncoding = 4; lastKnownFileType = sourcecode.c.h; path = "MASConstraint+Private.h"; sourceTree = "<group>"; };
		B7476E1E1ECBDD43004D5F40 /* MASConstraint.h */ = {isa = PBXFileReference; fileEncoding = 4; lastKnownFileType = sourcecode.c.h; path = MASConstraint.h; sourceTree = "<group>"; };
		B7476E1F1ECBDD43004D5F40 /* MASConstraint.m */ = {isa = PBXFileReference; fileEncoding = 4; lastKnownFileType = sourcecode.c.objc; path = MASConstraint.m; sourceTree = "<group>"; };
		B7476E201ECBDD43004D5F40 /* MASConstraintMaker.h */ = {isa = PBXFileReference; fileEncoding = 4; lastKnownFileType = sourcecode.c.h; path = MASConstraintMaker.h; sourceTree = "<group>"; };
		B7476E211ECBDD43004D5F40 /* MASConstraintMaker.m */ = {isa = PBXFileReference; fileEncoding = 4; lastKnownFileType = sourcecode.c.objc; path = MASConstraintMaker.m; sourceTree = "<group>"; };
		B7476E221ECBDD43004D5F40 /* MASLayoutConstraint.h */ = {isa = PBXFileReference; fileEncoding = 4; lastKnownFileType = sourcecode.c.h; path = MASLayoutConstraint.h; sourceTree = "<group>"; };
		B7476E231ECBDD43004D5F40 /* MASLayoutConstraint.m */ = {isa = PBXFileReference; fileEncoding = 4; lastKnownFileType = sourcecode.c.objc; path = MASLayoutConstraint.m; sourceTree = "<group>"; };
		B7476E241ECBDD43004D5F40 /* Masonry.h */ = {isa = PBXFileReference; fileEncoding = 4; lastKnownFileType = sourcecode.c.h; path = Masonry.h; sourceTree = "<group>"; };
		B7476E251ECBDD43004D5F40 /* MASUtilities.h */ = {isa = PBXFileReference; fileEncoding = 4; lastKnownFileType = sourcecode.c.h; path = MASUtilities.h; sourceTree = "<group>"; };
		B7476E261ECBDD43004D5F40 /* MASViewAttribute.h */ = {isa = PBXFileReference; fileEncoding = 4; lastKnownFileType = sourcecode.c.h; path = MASViewAttribute.h; sourceTree = "<group>"; };
		B7476E271ECBDD43004D5F40 /* MASViewAttribute.m */ = {isa = PBXFileReference; fileEncoding = 4; lastKnownFileType = sourcecode.c.objc; path = MASViewAttribute.m; sourceTree = "<group>"; };
		B7476E281ECBDD43004D5F40 /* MASViewConstraint.h */ = {isa = PBXFileReference; fileEncoding = 4; lastKnownFileType = sourcecode.c.h; path = MASViewConstraint.h; sourceTree = "<group>"; };
		B7476E291ECBDD43004D5F40 /* MASViewConstraint.m */ = {isa = PBXFileReference; fileEncoding = 4; lastKnownFileType = sourcecode.c.objc; path = MASViewConstraint.m; sourceTree = "<group>"; };
		B7476E2A1ECBDD43004D5F40 /* NSArray+MASAdditions.h */ = {isa = PBXFileReference; fileEncoding = 4; lastKnownFileType = sourcecode.c.h; path = "NSArray+MASAdditions.h"; sourceTree = "<group>"; };
		B7476E2B1ECBDD43004D5F40 /* NSArray+MASAdditions.m */ = {isa = PBXFileReference; fileEncoding = 4; lastKnownFileType = sourcecode.c.objc; path = "NSArray+MASAdditions.m"; sourceTree = "<group>"; };
		B7476E2C1ECBDD43004D5F40 /* NSArray+MASShorthandAdditions.h */ = {isa = PBXFileReference; fileEncoding = 4; lastKnownFileType = sourcecode.c.h; path = "NSArray+MASShorthandAdditions.h"; sourceTree = "<group>"; };
		B7476E2D1ECBDD43004D5F40 /* NSLayoutConstraint+MASDebugAdditions.h */ = {isa = PBXFileReference; fileEncoding = 4; lastKnownFileType = sourcecode.c.h; path = "NSLayoutConstraint+MASDebugAdditions.h"; sourceTree = "<group>"; };
		B7476E2E1ECBDD43004D5F40 /* NSLayoutConstraint+MASDebugAdditions.m */ = {isa = PBXFileReference; fileEncoding = 4; lastKnownFileType = sourcecode.c.objc; path = "NSLayoutConstraint+MASDebugAdditions.m"; sourceTree = "<group>"; };
		B7476E2F1ECBDD43004D5F40 /* View+MASAdditions.h */ = {isa = PBXFileReference; fileEncoding = 4; lastKnownFileType = sourcecode.c.h; path = "View+MASAdditions.h"; sourceTree = "<group>"; };
		B7476E301ECBDD43004D5F40 /* View+MASAdditions.m */ = {isa = PBXFileReference; fileEncoding = 4; lastKnownFileType = sourcecode.c.objc; path = "View+MASAdditions.m"; sourceTree = "<group>"; };
		B7476E311ECBDD43004D5F40 /* View+MASShorthandAdditions.h */ = {isa = PBXFileReference; fileEncoding = 4; lastKnownFileType = sourcecode.c.h; path = "View+MASShorthandAdditions.h"; sourceTree = "<group>"; };
		B7476E321ECBDD43004D5F40 /* ViewController+MASAdditions.h */ = {isa = PBXFileReference; fileEncoding = 4; lastKnownFileType = sourcecode.c.h; path = "ViewController+MASAdditions.h"; sourceTree = "<group>"; };
		B7476E331ECBDD43004D5F40 /* ViewController+MASAdditions.m */ = {isa = PBXFileReference; fileEncoding = 4; lastKnownFileType = sourcecode.c.objc; path = "ViewController+MASAdditions.m"; sourceTree = "<group>"; };
		B7476E3F1ECBE37F004D5F40 /* CardCollectionViewCell.h */ = {isa = PBXFileReference; fileEncoding = 4; lastKnownFileType = sourcecode.c.h; path = CardCollectionViewCell.h; sourceTree = "<group>"; };
		B7476E401ECBE37F004D5F40 /* CardCollectionViewCell.m */ = {isa = PBXFileReference; fileEncoding = 4; lastKnownFileType = sourcecode.c.objc; path = CardCollectionViewCell.m; sourceTree = "<group>"; };
		B77573CB1ECAA634001008E9 /* BaseViewController.h */ = {isa = PBXFileReference; fileEncoding = 4; lastKnownFileType = sourcecode.c.h; name = BaseViewController.h; path = KDReader/BaseViewController.h; sourceTree = SOURCE_ROOT; };
		B77573CC1ECAA634001008E9 /* BaseViewController.m */ = {isa = PBXFileReference; fileEncoding = 4; lastKnownFileType = sourcecode.c.objc; name = BaseViewController.m; path = KDReader/BaseViewController.m; sourceTree = SOURCE_ROOT; };
		B77573CE1ECAA66C001008E9 /* BookcaseViewController.h */ = {isa = PBXFileReference; fileEncoding = 4; lastKnownFileType = sourcecode.c.h; name = BookcaseViewController.h; path = ../BookcaseViewController.h; sourceTree = "<group>"; };
		B77573CF1ECAA66C001008E9 /* BookcaseViewController.m */ = {isa = PBXFileReference; fileEncoding = 4; lastKnownFileType = sourcecode.c.objc; name = BookcaseViewController.m; path = ../BookcaseViewController.m; sourceTree = "<group>"; };
		B77573D11ECAA6A0001008E9 /* CategoryViewController.h */ = {isa = PBXFileReference; fileEncoding = 4; lastKnownFileType = sourcecode.c.h; name = CategoryViewController.h; path = ../CategoryViewController.h; sourceTree = "<group>"; };
		B77573D21ECAA6A0001008E9 /* CategoryViewController.m */ = {isa = PBXFileReference; fileEncoding = 4; lastKnownFileType = sourcecode.c.objc; name = CategoryViewController.m; path = ../CategoryViewController.m; sourceTree = "<group>"; };
		B77573D41ECAA6B2001008E9 /* SearchViewController.h */ = {isa = PBXFileReference; fileEncoding = 4; lastKnownFileType = sourcecode.c.h; name = SearchViewController.h; path = ../SearchViewController.h; sourceTree = "<group>"; };
		B77573D51ECAA6B2001008E9 /* SearchViewController.m */ = {isa = PBXFileReference; fileEncoding = 4; lastKnownFileType = sourcecode.c.objc; name = SearchViewController.m; path = ../SearchViewController.m; sourceTree = "<group>"; };
		B77573D71ECAA8B7001008E9 /* SelectionViewController.h */ = {isa = PBXFileReference; fileEncoding = 4; lastKnownFileType = sourcecode.c.h; name = SelectionViewController.h; path = ../SelectionViewController.h; sourceTree = "<group>"; };
		B77573D81ECAA8B7001008E9 /* SelectionViewController.m */ = {isa = PBXFileReference; fileEncoding = 4; lastKnownFileType = sourcecode.c.objc; name = SelectionViewController.m; path = ../SelectionViewController.m; sourceTree = "<group>"; };
		B77573DB1ECACA2F001008E9 /* Macro.h */ = {isa = PBXFileReference; lastKnownFileType = sourcecode.c.h; path = Macro.h; sourceTree = "<group>"; };
		B77573E91ECAD7F8001008E9 /* BaseNavigationViewController.h */ = {isa = PBXFileReference; fileEncoding = 4; lastKnownFileType = sourcecode.c.h; path = BaseNavigationViewController.h; sourceTree = "<group>"; };
		B77573EA1ECAD7F8001008E9 /* BaseNavigationViewController.m */ = {isa = PBXFileReference; fileEncoding = 4; lastKnownFileType = sourcecode.c.objc; path = BaseNavigationViewController.m; sourceTree = "<group>"; };
		B7D610081EC9C0870065B920 /* KDReader.app */ = {isa = PBXFileReference; explicitFileType = wrapper.application; includeInIndex = 0; path = KDReader.app; sourceTree = BUILT_PRODUCTS_DIR; };
		B7D6100C1EC9C0870065B920 /* main.m */ = {isa = PBXFileReference; lastKnownFileType = sourcecode.c.objc; path = main.m; sourceTree = "<group>"; };
		B7D6100E1EC9C0870065B920 /* AppDelegate.h */ = {isa = PBXFileReference; lastKnownFileType = sourcecode.c.h; path = AppDelegate.h; sourceTree = "<group>"; };
		B7D6100F1EC9C0870065B920 /* AppDelegate.m */ = {isa = PBXFileReference; lastKnownFileType = sourcecode.c.objc; path = AppDelegate.m; sourceTree = "<group>"; };
		B7D610111EC9C0870065B920 /* ViewController.h */ = {isa = PBXFileReference; lastKnownFileType = sourcecode.c.h; path = ViewController.h; sourceTree = "<group>"; };
		B7D610121EC9C0870065B920 /* ViewController.m */ = {isa = PBXFileReference; lastKnownFileType = sourcecode.c.objc; path = ViewController.m; sourceTree = "<group>"; };
		B7D610151EC9C0870065B920 /* Base */ = {isa = PBXFileReference; lastKnownFileType = file.storyboard; name = Base; path = Base.lproj/Main.storyboard; sourceTree = "<group>"; };
		B7D610171EC9C0870065B920 /* Assets.xcassets */ = {isa = PBXFileReference; lastKnownFileType = folder.assetcatalog; path = Assets.xcassets; sourceTree = "<group>"; };
		B7D6101A1EC9C0870065B920 /* Base */ = {isa = PBXFileReference; lastKnownFileType = file.storyboard; name = Base; path = Base.lproj/LaunchScreen.storyboard; sourceTree = "<group>"; };
		B7D6101C1EC9C0870065B920 /* Info.plist */ = {isa = PBXFileReference; lastKnownFileType = text.plist.xml; path = Info.plist; sourceTree = "<group>"; };
		B7D610211EC9C0870065B920 /* KDReaderTests.xctest */ = {isa = PBXFileReference; explicitFileType = wrapper.cfbundle; includeInIndex = 0; path = KDReaderTests.xctest; sourceTree = BUILT_PRODUCTS_DIR; };
		B7D610251EC9C0870065B920 /* KDReaderTests.m */ = {isa = PBXFileReference; lastKnownFileType = sourcecode.c.objc; path = KDReaderTests.m; sourceTree = "<group>"; };
		B7D610271EC9C0870065B920 /* Info.plist */ = {isa = PBXFileReference; lastKnownFileType = text.plist.xml; path = Info.plist; sourceTree = "<group>"; };
		B7D6102C1EC9C0870065B920 /* KDReaderUITests.xctest */ = {isa = PBXFileReference; explicitFileType = wrapper.cfbundle; includeInIndex = 0; path = KDReaderUITests.xctest; sourceTree = BUILT_PRODUCTS_DIR; };
		B7D610301EC9C0870065B920 /* KDReaderUITests.m */ = {isa = PBXFileReference; lastKnownFileType = sourcecode.c.objc; path = KDReaderUITests.m; sourceTree = "<group>"; };
		B7D610321EC9C0870065B920 /* Info.plist */ = {isa = PBXFileReference; lastKnownFileType = text.plist.xml; path = Info.plist; sourceTree = "<group>"; };
/* End PBXFileReference section */

/* Begin PBXFrameworksBuildPhase section */
		B7D610051EC9C0870065B920 /* Frameworks */ = {
			isa = PBXFrameworksBuildPhase;
			buildActionMask = 2147483647;
			files = (
			);
			runOnlyForDeploymentPostprocessing = 0;
		};
		B7D6101E1EC9C0870065B920 /* Frameworks */ = {
			isa = PBXFrameworksBuildPhase;
			buildActionMask = 2147483647;
			files = (
			);
			runOnlyForDeploymentPostprocessing = 0;
		};
		B7D610291EC9C0870065B920 /* Frameworks */ = {
			isa = PBXFrameworksBuildPhase;
			buildActionMask = 2147483647;
			files = (
			);
			runOnlyForDeploymentPostprocessing = 0;
		};
/* End PBXFrameworksBuildPhase section */

/* Begin PBXGroup section */
		B72537C21ECC1D35002A3824 /* MBProgressHUD */ = {
			isa = PBXGroup;
			children = (
				B72537C31ECC1D45002A3824 /* MBProgressHUD.h */,
				B72537C41ECC1D45002A3824 /* MBProgressHUD.m */,
			);
			path = MBProgressHUD;
			sourceTree = "<group>";
		};
		B72537D51ECD8317002A3824 /* Settings设置 */ = {
			isa = PBXGroup;
			children = (
				B72537D61ECD8341002A3824 /* SettingsViewController.h */,
				B72537D71ECD8341002A3824 /* SettingsViewController.m */,
			);
			path = "Settings设置";
			sourceTree = "<group>";
		};
		B7476D711ECBDB9C004D5F40 /* Third-Party */ = {
			isa = PBXGroup;
			children = (
				B72537C21ECC1D35002A3824 /* MBProgressHUD */,
				B7476E191ECBDD43004D5F40 /* Masonry */,
				B7476E051ECBDD2C004D5F40 /* AFNetworking */,
				B7476DC61ECBDCE8004D5F40 /* SDWebImage */,
				B7476DAF1ECBDC44004D5F40 /* SDCycleScrollView */,
			);
			path = "Third-Party";
			sourceTree = "<group>";
		};
		B7476DAF1ECBDC44004D5F40 /* SDCycleScrollView */ = {
			isa = PBXGroup;
			children = (
				B7476DB01ECBDC44004D5F40 /* PageControl */,
				B7476DB91ECBDC44004D5F40 /* SDCollectionViewCell.h */,
				B7476DBA1ECBDC44004D5F40 /* SDCollectionViewCell.m */,
				B7476DBB1ECBDC44004D5F40 /* SDCycleScrollView.h */,
				B7476DBC1ECBDC44004D5F40 /* SDCycleScrollView.m */,
				B7476DBD1ECBDC44004D5F40 /* UIView+SDExtension.h */,
				B7476DBE1ECBDC44004D5F40 /* UIView+SDExtension.m */,
			);
			path = SDCycleScrollView;
			sourceTree = "<group>";
		};
		B7476DB01ECBDC44004D5F40 /* PageControl */ = {
			isa = PBXGroup;
			children = (
				B7476DB11ECBDC44004D5F40 /* TAAbstractDotView.h */,
				B7476DB21ECBDC44004D5F40 /* TAAbstractDotView.m */,
				B7476DB31ECBDC44004D5F40 /* TAAnimatedDotView.h */,
				B7476DB41ECBDC44004D5F40 /* TAAnimatedDotView.m */,
				B7476DB51ECBDC44004D5F40 /* TADotView.h */,
				B7476DB61ECBDC44004D5F40 /* TADotView.m */,
				B7476DB71ECBDC44004D5F40 /* TAPageControl.h */,
				B7476DB81ECBDC44004D5F40 /* TAPageControl.m */,
			);
			path = PageControl;
			sourceTree = "<group>";
		};
		B7476DC61ECBDCE8004D5F40 /* SDWebImage */ = {
			isa = PBXGroup;
			children = (
				B7476DCA1ECBDCE8004D5F40 /* MKAnnotationView+WebCache.h */,
				B7476DCB1ECBDCE8004D5F40 /* MKAnnotationView+WebCache.m */,
				B7476DCC1ECBDCE8004D5F40 /* NSData+ImageContentType.h */,
				B7476DCD1ECBDCE8004D5F40 /* NSData+ImageContentType.m */,
				B7476DCE1ECBDCE8004D5F40 /* NSImage+WebCache.h */,
				B7476DCF1ECBDCE8004D5F40 /* NSImage+WebCache.m */,
				B7476DD01ECBDCE8004D5F40 /* SDImageCache.h */,
				B7476DD11ECBDCE8004D5F40 /* SDImageCache.m */,
				B7476DD21ECBDCE8004D5F40 /* SDImageCacheConfig.h */,
				B7476DD31ECBDCE8004D5F40 /* SDImageCacheConfig.m */,
				B7476DD41ECBDCE8004D5F40 /* SDWebImageCompat.h */,
				B7476DD51ECBDCE8004D5F40 /* SDWebImageCompat.m */,
				B7476DD61ECBDCE8004D5F40 /* SDWebImageDecoder.h */,
				B7476DD71ECBDCE8004D5F40 /* SDWebImageDecoder.m */,
				B7476DD81ECBDCE8004D5F40 /* SDWebImageDownloader.h */,
				B7476DD91ECBDCE8004D5F40 /* SDWebImageDownloader.m */,
				B7476DDA1ECBDCE8004D5F40 /* SDWebImageDownloaderOperation.h */,
				B7476DDB1ECBDCE8004D5F40 /* SDWebImageDownloaderOperation.m */,
				B7476DDC1ECBDCE8004D5F40 /* SDWebImageManager.h */,
				B7476DDD1ECBDCE8004D5F40 /* SDWebImageManager.m */,
				B7476DDE1ECBDCE8004D5F40 /* SDWebImageOperation.h */,
				B7476DDF1ECBDCE8004D5F40 /* SDWebImagePrefetcher.h */,
				B7476DE01ECBDCE8004D5F40 /* SDWebImagePrefetcher.m */,
				B7476DE11ECBDCE8004D5F40 /* UIButton+WebCache.h */,
				B7476DE21ECBDCE8004D5F40 /* UIButton+WebCache.m */,
				B7476DE31ECBDCE8004D5F40 /* UIImage+GIF.h */,
				B7476DE41ECBDCE8004D5F40 /* UIImage+GIF.m */,
				B7476DE51ECBDCE8004D5F40 /* UIImage+MultiFormat.h */,
				B7476DE61ECBDCE8004D5F40 /* UIImage+MultiFormat.m */,
				B7476DE71ECBDCE8004D5F40 /* UIImage+WebP.h */,
				B7476DE81ECBDCE8004D5F40 /* UIImage+WebP.m */,
				B7476DE91ECBDCE8004D5F40 /* UIImageView+HighlightedWebCache.h */,
				B7476DEA1ECBDCE8004D5F40 /* UIImageView+HighlightedWebCache.m */,
				B7476DEB1ECBDCE8004D5F40 /* UIImageView+WebCache.h */,
				B7476DEC1ECBDCE8004D5F40 /* UIImageView+WebCache.m */,
				B7476DED1ECBDCE8004D5F40 /* UIView+WebCache.h */,
				B7476DEE1ECBDCE8004D5F40 /* UIView+WebCache.m */,
				B7476DEF1ECBDCE8004D5F40 /* UIView+WebCacheOperation.h */,
				B7476DF01ECBDCE8004D5F40 /* UIView+WebCacheOperation.m */,
			);
			name = SDWebImage;
			path = SDCycleScrollView/SDWebImage;
			sourceTree = "<group>";
		};
		B7476E051ECBDD2C004D5F40 /* AFNetworking */ = {
			isa = PBXGroup;
			children = (
				B7476E061ECBDD2C004D5F40 /* AFHTTPSessionManager.h */,
				B7476E071ECBDD2C004D5F40 /* AFHTTPSessionManager.m */,
				B7476E081ECBDD2C004D5F40 /* AFNetworking.h */,
				B7476E091ECBDD2C004D5F40 /* AFNetworkReachabilityManager.h */,
				B7476E0A1ECBDD2C004D5F40 /* AFNetworkReachabilityManager.m */,
				B7476E0B1ECBDD2C004D5F40 /* AFSecurityPolicy.h */,
				B7476E0C1ECBDD2C004D5F40 /* AFSecurityPolicy.m */,
				B7476E0D1ECBDD2C004D5F40 /* AFURLRequestSerialization.h */,
				B7476E0E1ECBDD2C004D5F40 /* AFURLRequestSerialization.m */,
				B7476E0F1ECBDD2C004D5F40 /* AFURLResponseSerialization.h */,
				B7476E101ECBDD2C004D5F40 /* AFURLResponseSerialization.m */,
				B7476E111ECBDD2C004D5F40 /* AFURLSessionManager.h */,
				B7476E121ECBDD2C004D5F40 /* AFURLSessionManager.m */,
			);
			path = AFNetworking;
			sourceTree = "<group>";
		};
		B7476E191ECBDD43004D5F40 /* Masonry */ = {
			isa = PBXGroup;
			children = (
				B7476E1A1ECBDD43004D5F40 /* Info.plist */,
				B7476E1B1ECBDD43004D5F40 /* MASCompositeConstraint.h */,
				B7476E1C1ECBDD43004D5F40 /* MASCompositeConstraint.m */,
				B7476E1D1ECBDD43004D5F40 /* MASConstraint+Private.h */,
				B7476E1E1ECBDD43004D5F40 /* MASConstraint.h */,
				B7476E1F1ECBDD43004D5F40 /* MASConstraint.m */,
				B7476E201ECBDD43004D5F40 /* MASConstraintMaker.h */,
				B7476E211ECBDD43004D5F40 /* MASConstraintMaker.m */,
				B7476E221ECBDD43004D5F40 /* MASLayoutConstraint.h */,
				B7476E231ECBDD43004D5F40 /* MASLayoutConstraint.m */,
				B7476E241ECBDD43004D5F40 /* Masonry.h */,
				B7476E251ECBDD43004D5F40 /* MASUtilities.h */,
				B7476E261ECBDD43004D5F40 /* MASViewAttribute.h */,
				B7476E271ECBDD43004D5F40 /* MASViewAttribute.m */,
				B7476E281ECBDD43004D5F40 /* MASViewConstraint.h */,
				B7476E291ECBDD43004D5F40 /* MASViewConstraint.m */,
				B7476E2A1ECBDD43004D5F40 /* NSArray+MASAdditions.h */,
				B7476E2B1ECBDD43004D5F40 /* NSArray+MASAdditions.m */,
				B7476E2C1ECBDD43004D5F40 /* NSArray+MASShorthandAdditions.h */,
				B7476E2D1ECBDD43004D5F40 /* NSLayoutConstraint+MASDebugAdditions.h */,
				B7476E2E1ECBDD43004D5F40 /* NSLayoutConstraint+MASDebugAdditions.m */,
				B7476E2F1ECBDD43004D5F40 /* View+MASAdditions.h */,
				B7476E301ECBDD43004D5F40 /* View+MASAdditions.m */,
				B7476E311ECBDD43004D5F40 /* View+MASShorthandAdditions.h */,
				B7476E321ECBDD43004D5F40 /* ViewController+MASAdditions.h */,
				B7476E331ECBDD43004D5F40 /* ViewController+MASAdditions.m */,
			);
			path = Masonry;
			sourceTree = "<group>";
		};
		B763698E1ECA8AC0001AE608 /* Tool  */ = {
			isa = PBXGroup;
			children = (
				B77573DB1ECACA2F001008E9 /* Macro.h */,
			);
			path = "Tool ";
			sourceTree = "<group>";
		};
		B77573C71ECA97BF001008E9 /* Bookcase书架 */ = {
			isa = PBXGroup;
			children = (
				B77573DE1ECACBC9001008E9 /* Models */,
				B77573DD1ECACBB9001008E9 /* ViewControllers */,
				B77573DC1ECACBA1001008E9 /* Views */,
			);
			name = "Bookcase书架";
			path = "Tool /Bookcase书架";
			sourceTree = "<group>";
		};
		B77573C81ECA9887001008E9 /* Selection精选 */ = {
			isa = PBXGroup;
			children = (
				B77573E71ECAD00F001008E9 /* Models */,
				B77573E61ECAD001001008E9 /* ViewControllers */,
				B77573E51ECACFEF001008E9 /* Views */,
			);
			name = "Selection精选";
			path = Selection;
			sourceTree = "<group>";
		};
		B77573C91ECA9969001008E9 /* Search搜书 */ = {
			isa = PBXGroup;
			children = (
				B77573E41ECACF93001008E9 /* Models */,
				B77573E31ECACF7F001008E9 /* ViewControllers */,
				B77573E21ECACF69001008E9 /* Views */,
			);
			path = "Search搜书";
			sourceTree = "<group>";
		};
		B77573CA1ECA99A5001008E9 /* Category分类 */ = {
			isa = PBXGroup;
			children = (
				B72537D91ECDAA6C002A3824 /* CategoryList.json */,
				B77573E11ECACED6001008E9 /* Views */,
				B77573E01ECACEC6001008E9 /* ViewControllers */,
				B77573DF1ECACEB1001008E9 /* Models */,
			);
			path = "Category分类";
			sourceTree = "<group>";
		};
		B77573DC1ECACBA1001008E9 /* Views */ = {
			isa = PBXGroup;
			children = (
				B72537D21ECD4324002A3824 /* BookCaseTableViewCell.h */,
				B72537D31ECD4324002A3824 /* BookCaseTableViewCell.m */,
			);
			path = Views;
			sourceTree = "<group>";
		};
		B77573DD1ECACBB9001008E9 /* ViewControllers */ = {
			isa = PBXGroup;
			children = (
				B77573CE1ECAA66C001008E9 /* BookcaseViewController.h */,
				B77573CF1ECAA66C001008E9 /* BookcaseViewController.m */,
				B72537C91ECC2540002A3824 /* BookDetailedViewController.h */,
				B72537CA1ECC2540002A3824 /* BookDetailedViewController.m */,
			);
			name = ViewControllers;
			path = Viewcontrollers;
			sourceTree = "<group>";
		};
		B77573DE1ECACBC9001008E9 /* Models */ = {
			isa = PBXGroup;
			children = (
			);
			path = Models;
			sourceTree = "<group>";
		};
		B77573DF1ECACEB1001008E9 /* Models */ = {
			isa = PBXGroup;
			children = (
				B72537DA1ECE8218002A3824 /* KDModel_CategoryBase.h */,
				B72537DB1ECE8218002A3824 /* KDModel_CategoryBase.m */,
			);
			path = Models;
			sourceTree = "<group>";
		};
		B77573E01ECACEC6001008E9 /* ViewControllers */ = {
			isa = PBXGroup;
			children = (
				B77573D11ECAA6A0001008E9 /* CategoryViewController.h */,
				B77573D21ECAA6A0001008E9 /* CategoryViewController.m */,
			);
			path = ViewControllers;
			sourceTree = "<group>";
		};
		B77573E11ECACED6001008E9 /* Views */ = {
			isa = PBXGroup;
			children = (
			);
			path = Views;
			sourceTree = "<group>";
		};
		B77573E21ECACF69001008E9 /* Views */ = {
			isa = PBXGroup;
			children = (
			);
			path = Views;
			sourceTree = "<group>";
		};
		B77573E31ECACF7F001008E9 /* ViewControllers */ = {
			isa = PBXGroup;
			children = (
				B77573D41ECAA6B2001008E9 /* SearchViewController.h */,
				B77573D51ECAA6B2001008E9 /* SearchViewController.m */,
			);
			name = ViewControllers;
			path = ViewController;
			sourceTree = "<group>";
		};
		B77573E41ECACF93001008E9 /* Models */ = {
			isa = PBXGroup;
			children = (
			);
			name = Models;
			path = Views/Models;
			sourceTree = "<group>";
		};
		B77573E51ECACFEF001008E9 /* Views */ = {
			isa = PBXGroup;
			children = (
				B7476D6E1ECAF159004D5F40 /* CardTableViewCell.h */,
				B7476D6F1ECAF159004D5F40 /* CardTableViewCell.m */,
				B7476E3F1ECBE37F004D5F40 /* CardCollectionViewCell.h */,
				B7476E401ECBE37F004D5F40 /* CardCollectionViewCell.m */,
				B72537CF1ECC5CC9002A3824 /* BookListTableViewCell.h */,
				B72537D01ECC5CC9002A3824 /* BookListTableViewCell.m */,
			);
			path = Views;
			sourceTree = "<group>";
		};
		B77573E61ECAD001001008E9 /* ViewControllers */ = {
			isa = PBXGroup;
			children = (
				B77573D71ECAA8B7001008E9 /* SelectionViewController.h */,
				B77573D81ECAA8B7001008E9 /* SelectionViewController.m */,
				B72537CC1ECC57B1002A3824 /* BookListViewController.h */,
				B72537CD1ECC57B1002A3824 /* BookListViewController.m */,
			);
			path = ViewControllers;
			sourceTree = "<group>";
		};
		B77573E71ECAD00F001008E9 /* Models */ = {
			isa = PBXGroup;
			children = (
			);
			path = Models;
			sourceTree = "<group>";
		};
		B77573E81ECAD7BC001008E9 /* Base */ = {
			isa = PBXGroup;
			children = (
				B77573CB1ECAA634001008E9 /* BaseViewController.h */,
				B77573CC1ECAA634001008E9 /* BaseViewController.m */,
				B77573E91ECAD7F8001008E9 /* BaseNavigationViewController.h */,
				B77573EA1ECAD7F8001008E9 /* BaseNavigationViewController.m */,
				B72537DD1ECE8223002A3824 /* DataModels.h */,
			);
			path = Base;
			sourceTree = "<group>";
		};
		B7D60FFF1EC9C0870065B920 = {
			isa = PBXGroup;
			children = (
				B7D6100A1EC9C0870065B920 /* KDReader */,
				B7D610241EC9C0870065B920 /* KDReaderTests */,
				B7D6102F1EC9C0870065B920 /* KDReaderUITests */,
				B7D610091EC9C0870065B920 /* Products */,
			);
			sourceTree = "<group>";
		};
		B7D610091EC9C0870065B920 /* Products */ = {
			isa = PBXGroup;
			children = (
				B7D610081EC9C0870065B920 /* KDReader.app */,
				B7D610211EC9C0870065B920 /* KDReaderTests.xctest */,
				B7D6102C1EC9C0870065B920 /* KDReaderUITests.xctest */,
			);
			name = Products;
			sourceTree = "<group>";
		};
		B7D6100A1EC9C0870065B920 /* KDReader */ = {
			isa = PBXGroup;
			children = (
				B7476D711ECBDB9C004D5F40 /* Third-Party */,
				B77573E81ECAD7BC001008E9 /* Base */,
				B763698E1ECA8AC0001AE608 /* Tool  */,
				B77573C71ECA97BF001008E9 /* Bookcase书架 */,
				B77573CA1ECA99A5001008E9 /* Category分类 */,
				B72537D51ECD8317002A3824 /* Settings设置 */,
				B77573C91ECA9969001008E9 /* Search搜书 */,
				B77573C81ECA9887001008E9 /* Selection精选 */,
				B7D6100E1EC9C0870065B920 /* AppDelegate.h */,
				B7D6100F1EC9C0870065B920 /* AppDelegate.m */,
				B7D610111EC9C0870065B920 /* ViewController.h */,
				B7D610121EC9C0870065B920 /* ViewController.m */,
				B7D610141EC9C0870065B920 /* Main.storyboard */,
				B7D610171EC9C0870065B920 /* Assets.xcassets */,
				B7D610191EC9C0870065B920 /* LaunchScreen.storyboard */,
				B7D6101C1EC9C0870065B920 /* Info.plist */,
				B7D6100B1EC9C0870065B920 /* Supporting Files */,
			);
			path = KDReader;
			sourceTree = "<group>";
		};
		B7D6100B1EC9C0870065B920 /* Supporting Files */ = {
			isa = PBXGroup;
			children = (
				B7D6100C1EC9C0870065B920 /* main.m */,
			);
			name = "Supporting Files";
			sourceTree = "<group>";
		};
		B7D610241EC9C0870065B920 /* KDReaderTests */ = {
			isa = PBXGroup;
			children = (
				B7D610251EC9C0870065B920 /* KDReaderTests.m */,
				B7D610271EC9C0870065B920 /* Info.plist */,
			);
			path = KDReaderTests;
			sourceTree = "<group>";
		};
		B7D6102F1EC9C0870065B920 /* KDReaderUITests */ = {
			isa = PBXGroup;
			children = (
				B7D610301EC9C0870065B920 /* KDReaderUITests.m */,
				B7D610321EC9C0870065B920 /* Info.plist */,
			);
			path = KDReaderUITests;
			sourceTree = "<group>";
		};
/* End PBXGroup section */

/* Begin PBXNativeTarget section */
		B7D610071EC9C0870065B920 /* KDReader */ = {
			isa = PBXNativeTarget;
			buildConfigurationList = B7D610351EC9C0870065B920 /* Build configuration list for PBXNativeTarget "KDReader" */;
			buildPhases = (
				B7D610041EC9C0870065B920 /* Sources */,
				B7D610051EC9C0870065B920 /* Frameworks */,
				B7D610061EC9C0870065B920 /* Resources */,
			);
			buildRules = (
			);
			dependencies = (
			);
			name = KDReader;
			productName = KDReader;
			productReference = B7D610081EC9C0870065B920 /* KDReader.app */;
			productType = "com.apple.product-type.application";
		};
		B7D610201EC9C0870065B920 /* KDReaderTests */ = {
			isa = PBXNativeTarget;
			buildConfigurationList = B7D610381EC9C0870065B920 /* Build configuration list for PBXNativeTarget "KDReaderTests" */;
			buildPhases = (
				B7D6101D1EC9C0870065B920 /* Sources */,
				B7D6101E1EC9C0870065B920 /* Frameworks */,
				B7D6101F1EC9C0870065B920 /* Resources */,
			);
			buildRules = (
			);
			dependencies = (
				B7D610231EC9C0870065B920 /* PBXTargetDependency */,
			);
			name = KDReaderTests;
			productName = KDReaderTests;
			productReference = B7D610211EC9C0870065B920 /* KDReaderTests.xctest */;
			productType = "com.apple.product-type.bundle.unit-test";
		};
		B7D6102B1EC9C0870065B920 /* KDReaderUITests */ = {
			isa = PBXNativeTarget;
			buildConfigurationList = B7D6103B1EC9C0870065B920 /* Build configuration list for PBXNativeTarget "KDReaderUITests" */;
			buildPhases = (
				B7D610281EC9C0870065B920 /* Sources */,
				B7D610291EC9C0870065B920 /* Frameworks */,
				B7D6102A1EC9C0870065B920 /* Resources */,
			);
			buildRules = (
			);
			dependencies = (
				B7D6102E1EC9C0870065B920 /* PBXTargetDependency */,
			);
			name = KDReaderUITests;
			productName = KDReaderUITests;
			productReference = B7D6102C1EC9C0870065B920 /* KDReaderUITests.xctest */;
			productType = "com.apple.product-type.bundle.ui-testing";
		};
/* End PBXNativeTarget section */

/* Begin PBXProject section */
		B7D610001EC9C0870065B920 /* Project object */ = {
			isa = PBXProject;
			attributes = {
				LastUpgradeCheck = 0830;
				ORGANIZATIONNAME = "陳升琪";
				TargetAttributes = {
					B7D610071EC9C0870065B920 = {
						CreatedOnToolsVersion = 8.3.2;
						DevelopmentTeam = WB5J6467MY;
						ProvisioningStyle = Automatic;
					};
					B7D610201EC9C0870065B920 = {
						CreatedOnToolsVersion = 8.3.2;
						ProvisioningStyle = Automatic;
						TestTargetID = B7D610071EC9C0870065B920;
					};
					B7D6102B1EC9C0870065B920 = {
						CreatedOnToolsVersion = 8.3.2;
						ProvisioningStyle = Automatic;
						TestTargetID = B7D610071EC9C0870065B920;
					};
				};
			};
			buildConfigurationList = B7D610031EC9C0870065B920 /* Build configuration list for PBXProject "KDReader" */;
			compatibilityVersion = "Xcode 3.2";
			developmentRegion = English;
			hasScannedForEncodings = 0;
			knownRegions = (
				en,
				Base,
			);
			mainGroup = B7D60FFF1EC9C0870065B920;
			productRefGroup = B7D610091EC9C0870065B920 /* Products */;
			projectDirPath = "";
			projectRoot = "";
			targets = (
				B7D610071EC9C0870065B920 /* KDReader */,
				B7D610201EC9C0870065B920 /* KDReaderTests */,
				B7D6102B1EC9C0870065B920 /* KDReaderUITests */,
			);
		};
/* End PBXProject section */

/* Begin PBXResourcesBuildPhase section */
		B7D610061EC9C0870065B920 /* Resources */ = {
			isa = PBXResourcesBuildPhase;
			buildActionMask = 2147483647;
			files = (
				B7D6101B1EC9C0870065B920 /* LaunchScreen.storyboard in Resources */,
				B7D610181EC9C0870065B920 /* Assets.xcassets in Resources */,
				B7476E341ECBDD43004D5F40 /* Info.plist in Resources */,
				B7D610161EC9C0870065B920 /* Main.storyboard in Resources */,
			);
			runOnlyForDeploymentPostprocessing = 0;
		};
		B7D6101F1EC9C0870065B920 /* Resources */ = {
			isa = PBXResourcesBuildPhase;
			buildActionMask = 2147483647;
			files = (
			);
			runOnlyForDeploymentPostprocessing = 0;
		};
		B7D6102A1EC9C0870065B920 /* Resources */ = {
			isa = PBXResourcesBuildPhase;
			buildActionMask = 2147483647;
			files = (
			);
			runOnlyForDeploymentPostprocessing = 0;
		};
/* End PBXResourcesBuildPhase section */

/* Begin PBXSourcesBuildPhase section */
		B7D610041EC9C0870065B920 /* Sources */ = {
			isa = PBXSourcesBuildPhase;
			buildActionMask = 2147483647;
			files = (
				B7476DF81ECBDCE8004D5F40 /* SDWebImageDecoder.m in Sources */,
				B7476DFB1ECBDCE8004D5F40 /* SDWebImageManager.m in Sources */,
				B7476E3D1ECBDD43004D5F40 /* View+MASAdditions.m in Sources */,
				B77573CD1ECAA634001008E9 /* BaseViewController.m in Sources */,
				B7476DC51ECBDC44004D5F40 /* UIView+SDExtension.m in Sources */,
				B72537DC1ECE8218002A3824 /* KDModel_CategoryBase.m in Sources */,
				B7476DBF1ECBDC44004D5F40 /* TAAbstractDotView.m in Sources */,
				B77573D01ECAA66C001008E9 /* BookcaseViewController.m in Sources */,
				B7D610131EC9C0870065B920 /* ViewController.m in Sources */,
				B7476E001ECBDCE8004D5F40 /* UIImage+WebP.m in Sources */,
				B7476E161ECBDD2C004D5F40 /* AFURLRequestSerialization.m in Sources */,
				B7476E411ECBE37F004D5F40 /* CardCollectionViewCell.m in Sources */,
				B7476E181ECBDD2C004D5F40 /* AFURLSessionManager.m in Sources */,
				B7D610101EC9C0870065B920 /* AppDelegate.m in Sources */,
				B72537C51ECC1D45002A3824 /* MBProgressHUD.m in Sources */,
				B7476DC11ECBDC44004D5F40 /* TADotView.m in Sources */,
				B7476DFF1ECBDCE8004D5F40 /* UIImage+MultiFormat.m in Sources */,
				B7476E011ECBDCE8004D5F40 /* UIImageView+HighlightedWebCache.m in Sources */,
				B72537D11ECC5CC9002A3824 /* BookListTableViewCell.m in Sources */,
				B7D6100D1EC9C0870065B920 /* main.m in Sources */,
				B7476DC21ECBDC44004D5F40 /* TAPageControl.m in Sources */,
				B7476E371ECBDD43004D5F40 /* MASConstraintMaker.m in Sources */,
				B7476E131ECBDD2C004D5F40 /* AFHTTPSessionManager.m in Sources */,
				B7476E351ECBDD43004D5F40 /* MASCompositeConstraint.m in Sources */,
				B7476DFE1ECBDCE8004D5F40 /* UIImage+GIF.m in Sources */,
				B72537D81ECD8341002A3824 /* SettingsViewController.m in Sources */,
				B7476DF71ECBDCE8004D5F40 /* SDWebImageCompat.m in Sources */,
				B7476DC41ECBDC44004D5F40 /* SDCycleScrollView.m in Sources */,
				B72537D41ECD4324002A3824 /* BookCaseTableViewCell.m in Sources */,
				B72537CE1ECC57B1002A3824 /* BookListViewController.m in Sources */,
				B7476DF21ECBDCE8004D5F40 /* MKAnnotationView+WebCache.m in Sources */,
				B7476E151ECBDD2C004D5F40 /* AFSecurityPolicy.m in Sources */,
				B77573D31ECAA6A0001008E9 /* CategoryViewController.m in Sources */,
				B7476E3A1ECBDD43004D5F40 /* MASViewConstraint.m in Sources */,
				B7476E3E1ECBDD43004D5F40 /* ViewController+MASAdditions.m in Sources */,
				B7476DFA1ECBDCE8004D5F40 /* SDWebImageDownloaderOperation.m in Sources */,
				B7476E3B1ECBDD43004D5F40 /* NSArray+MASAdditions.m in Sources */,
				B7476E391ECBDD43004D5F40 /* MASViewAttribute.m in Sources */,
				B7476DF31ECBDCE8004D5F40 /* NSData+ImageContentType.m in Sources */,
				B7476DF61ECBDCE8004D5F40 /* SDImageCacheConfig.m in Sources */,
				B77573D91ECAA8B7001008E9 /* SelectionViewController.m in Sources */,
				B7476D701ECAF159004D5F40 /* CardTableViewCell.m in Sources */,
				B7476E021ECBDCE8004D5F40 /* UIImageView+WebCache.m in Sources */,
				B7476DC01ECBDC44004D5F40 /* TAAnimatedDotView.m in Sources */,
				B7476DF41ECBDCE8004D5F40 /* NSImage+WebCache.m in Sources */,
				B7476E141ECBDD2C004D5F40 /* AFNetworkReachabilityManager.m in Sources */,
				B7476DFC1ECBDCE8004D5F40 /* SDWebImagePrefetcher.m in Sources */,
				B7476E381ECBDD43004D5F40 /* MASLayoutConstraint.m in Sources */,
				B7476E031ECBDCE8004D5F40 /* UIView+WebCache.m in Sources */,
				B7476E041ECBDCE8004D5F40 /* UIView+WebCacheOperation.m in Sources */,
				B7476E171ECBDD2C004D5F40 /* AFURLResponseSerialization.m in Sources */,
				B7476E3C1ECBDD43004D5F40 /* NSLayoutConstraint+MASDebugAdditions.m in Sources */,
				B7476DC31ECBDC44004D5F40 /* SDCollectionViewCell.m in Sources */,
				B7476DF51ECBDCE8004D5F40 /* SDImageCache.m in Sources */,
				B77573EB1ECAD7F8001008E9 /* BaseNavigationViewController.m in Sources */,
				B7476E361ECBDD43004D5F40 /* MASConstraint.m in Sources */,
				B7476DFD1ECBDCE8004D5F40 /* UIButton+WebCache.m in Sources */,
				B72537CB1ECC2540002A3824 /* BookDetailedViewController.m in Sources */,
				B7476DF91ECBDCE8004D5F40 /* SDWebImageDownloader.m in Sources */,
				B77573D61ECAA6B2001008E9 /* SearchViewController.m in Sources */,
			);
			runOnlyForDeploymentPostprocessing = 0;
		};
		B7D6101D1EC9C0870065B920 /* Sources */ = {
			isa = PBXSourcesBuildPhase;
			buildActionMask = 2147483647;
			files = (
				B7D610261EC9C0870065B920 /* KDReaderTests.m in Sources */,
			);
			runOnlyForDeploymentPostprocessing = 0;
		};
		B7D610281EC9C0870065B920 /* Sources */ = {
			isa = PBXSourcesBuildPhase;
			buildActionMask = 2147483647;
			files = (
				B7D610311EC9C0870065B920 /* KDReaderUITests.m in Sources */,
			);
			runOnlyForDeploymentPostprocessing = 0;
		};
/* End PBXSourcesBuildPhase section */

/* Begin PBXTargetDependency section */
		B7D610231EC9C0870065B920 /* PBXTargetDependency */ = {
			isa = PBXTargetDependency;
			target = B7D610071EC9C0870065B920 /* KDReader */;
			targetProxy = B7D610221EC9C0870065B920 /* PBXContainerItemProxy */;
		};
		B7D6102E1EC9C0870065B920 /* PBXTargetDependency */ = {
			isa = PBXTargetDependency;
			target = B7D610071EC9C0870065B920 /* KDReader */;
			targetProxy = B7D6102D1EC9C0870065B920 /* PBXContainerItemProxy */;
		};
/* End PBXTargetDependency section */

/* Begin PBXVariantGroup section */
		B7D610141EC9C0870065B920 /* Main.storyboard */ = {
			isa = PBXVariantGroup;
			children = (
				B7D610151EC9C0870065B920 /* Base */,
			);
			name = Main.storyboard;
			sourceTree = "<group>";
		};
		B7D610191EC9C0870065B920 /* LaunchScreen.storyboard */ = {
			isa = PBXVariantGroup;
			children = (
				B7D6101A1EC9C0870065B920 /* Base */,
			);
			name = LaunchScreen.storyboard;
			sourceTree = "<group>";
		};
/* End PBXVariantGroup section */

/* Begin XCBuildConfiguration section */
		B7D610331EC9C0870065B920 /* Debug */ = {
			isa = XCBuildConfiguration;
			buildSettings = {
				ALWAYS_SEARCH_USER_PATHS = NO;
				CLANG_ANALYZER_NONNULL = YES;
				CLANG_ANALYZER_NUMBER_OBJECT_CONVERSION = YES_AGGRESSIVE;
				CLANG_CXX_LANGUAGE_STANDARD = "gnu++0x";
				CLANG_CXX_LIBRARY = "libc++";
				CLANG_ENABLE_MODULES = YES;
				CLANG_ENABLE_OBJC_ARC = YES;
				CLANG_WARN_BOOL_CONVERSION = YES;
				CLANG_WARN_CONSTANT_CONVERSION = YES;
				CLANG_WARN_DIRECT_OBJC_ISA_USAGE = YES_ERROR;
				CLANG_WARN_DOCUMENTATION_COMMENTS = YES;
				CLANG_WARN_EMPTY_BODY = YES;
				CLANG_WARN_ENUM_CONVERSION = YES;
				CLANG_WARN_INFINITE_RECURSION = YES;
				CLANG_WARN_INT_CONVERSION = YES;
				CLANG_WARN_OBJC_ROOT_CLASS = YES_ERROR;
				CLANG_WARN_SUSPICIOUS_MOVE = YES;
				CLANG_WARN_UNREACHABLE_CODE = YES;
				CLANG_WARN__DUPLICATE_METHOD_MATCH = YES;
				"CODE_SIGN_IDENTITY[sdk=iphoneos*]" = "iPhone Developer";
				COPY_PHASE_STRIP = NO;
				DEBUG_INFORMATION_FORMAT = dwarf;
				ENABLE_STRICT_OBJC_MSGSEND = YES;
				ENABLE_TESTABILITY = YES;
				GCC_C_LANGUAGE_STANDARD = gnu99;
				GCC_DYNAMIC_NO_PIC = NO;
				GCC_NO_COMMON_BLOCKS = YES;
				GCC_OPTIMIZATION_LEVEL = 0;
				GCC_PREPROCESSOR_DEFINITIONS = (
					"DEBUG=1",
					"$(inherited)",
				);
				GCC_WARN_64_TO_32_BIT_CONVERSION = YES;
				GCC_WARN_ABOUT_RETURN_TYPE = YES_ERROR;
				GCC_WARN_UNDECLARED_SELECTOR = YES;
				GCC_WARN_UNINITIALIZED_AUTOS = YES_AGGRESSIVE;
				GCC_WARN_UNUSED_FUNCTION = YES;
				GCC_WARN_UNUSED_VARIABLE = YES;
				IPHONEOS_DEPLOYMENT_TARGET = 10.3;
				MTL_ENABLE_DEBUG_INFO = YES;
				ONLY_ACTIVE_ARCH = YES;
				SDKROOT = iphoneos;
			};
			name = Debug;
		};
		B7D610341EC9C0870065B920 /* Release */ = {
			isa = XCBuildConfiguration;
			buildSettings = {
				ALWAYS_SEARCH_USER_PATHS = NO;
				CLANG_ANALYZER_NONNULL = YES;
				CLANG_ANALYZER_NUMBER_OBJECT_CONVERSION = YES_AGGRESSIVE;
				CLANG_CXX_LANGUAGE_STANDARD = "gnu++0x";
				CLANG_CXX_LIBRARY = "libc++";
				CLANG_ENABLE_MODULES = YES;
				CLANG_ENABLE_OBJC_ARC = YES;
				CLANG_WARN_BOOL_CONVERSION = YES;
				CLANG_WARN_CONSTANT_CONVERSION = YES;
				CLANG_WARN_DIRECT_OBJC_ISA_USAGE = YES_ERROR;
				CLANG_WARN_DOCUMENTATION_COMMENTS = YES;
				CLANG_WARN_EMPTY_BODY = YES;
				CLANG_WARN_ENUM_CONVERSION = YES;
				CLANG_WARN_INFINITE_RECURSION = YES;
				CLANG_WARN_INT_CONVERSION = YES;
				CLANG_WARN_OBJC_ROOT_CLASS = YES_ERROR;
				CLANG_WARN_SUSPICIOUS_MOVE = YES;
				CLANG_WARN_UNREACHABLE_CODE = YES;
				CLANG_WARN__DUPLICATE_METHOD_MATCH = YES;
				"CODE_SIGN_IDENTITY[sdk=iphoneos*]" = "iPhone Developer";
				COPY_PHASE_STRIP = NO;
				DEBUG_INFORMATION_FORMAT = "dwarf-with-dsym";
				ENABLE_NS_ASSERTIONS = NO;
				ENABLE_STRICT_OBJC_MSGSEND = YES;
				GCC_C_LANGUAGE_STANDARD = gnu99;
				GCC_NO_COMMON_BLOCKS = YES;
				GCC_WARN_64_TO_32_BIT_CONVERSION = YES;
				GCC_WARN_ABOUT_RETURN_TYPE = YES_ERROR;
				GCC_WARN_UNDECLARED_SELECTOR = YES;
				GCC_WARN_UNINITIALIZED_AUTOS = YES_AGGRESSIVE;
				GCC_WARN_UNUSED_FUNCTION = YES;
				GCC_WARN_UNUSED_VARIABLE = YES;
				IPHONEOS_DEPLOYMENT_TARGET = 10.3;
				MTL_ENABLE_DEBUG_INFO = NO;
				SDKROOT = iphoneos;
				VALIDATE_PRODUCT = YES;
			};
			name = Release;
		};
		B7D610361EC9C0870065B920 /* Debug */ = {
			isa = XCBuildConfiguration;
			buildSettings = {
				ASSETCATALOG_COMPILER_APPICON_NAME = AppIcon;
				DEVELOPMENT_TEAM = WB5J6467MY;
				INFOPLIST_FILE = KDReader/Info.plist;
				LD_RUNPATH_SEARCH_PATHS = "$(inherited) @executable_path/Frameworks";
				PRODUCT_BUNDLE_IDENTIFIER = "xiaoqib-TnT.KDReader";
				PRODUCT_NAME = "$(TARGET_NAME)";
			};
			name = Debug;
		};
		B7D610371EC9C0870065B920 /* Release */ = {
			isa = XCBuildConfiguration;
			buildSettings = {
				ASSETCATALOG_COMPILER_APPICON_NAME = AppIcon;
				DEVELOPMENT_TEAM = WB5J6467MY;
				INFOPLIST_FILE = KDReader/Info.plist;
				LD_RUNPATH_SEARCH_PATHS = "$(inherited) @executable_path/Frameworks";
				PRODUCT_BUNDLE_IDENTIFIER = "xiaoqib-TnT.KDReader";
				PRODUCT_NAME = "$(TARGET_NAME)";
			};
			name = Release;
		};
		B7D610391EC9C0870065B920 /* Debug */ = {
			isa = XCBuildConfiguration;
			buildSettings = {
				BUNDLE_LOADER = "$(TEST_HOST)";
				INFOPLIST_FILE = KDReaderTests/Info.plist;
				LD_RUNPATH_SEARCH_PATHS = "$(inherited) @executable_path/Frameworks @loader_path/Frameworks";
				PRODUCT_BUNDLE_IDENTIFIER = "xiaoqib-TnT.KDReaderTests";
				PRODUCT_NAME = "$(TARGET_NAME)";
				TEST_HOST = "$(BUILT_PRODUCTS_DIR)/KDReader.app/KDReader";
			};
			name = Debug;
		};
		B7D6103A1EC9C0870065B920 /* Release */ = {
			isa = XCBuildConfiguration;
			buildSettings = {
				BUNDLE_LOADER = "$(TEST_HOST)";
				INFOPLIST_FILE = KDReaderTests/Info.plist;
				LD_RUNPATH_SEARCH_PATHS = "$(inherited) @executable_path/Frameworks @loader_path/Frameworks";
				PRODUCT_BUNDLE_IDENTIFIER = "xiaoqib-TnT.KDReaderTests";
				PRODUCT_NAME = "$(TARGET_NAME)";
				TEST_HOST = "$(BUILT_PRODUCTS_DIR)/KDReader.app/KDReader";
			};
			name = Release;
		};
		B7D6103C1EC9C0870065B920 /* Debug */ = {
			isa = XCBuildConfiguration;
			buildSettings = {
				INFOPLIST_FILE = KDReaderUITests/Info.plist;
				LD_RUNPATH_SEARCH_PATHS = "$(inherited) @executable_path/Frameworks @loader_path/Frameworks";
				PRODUCT_BUNDLE_IDENTIFIER = "xiaoqib-TnT.KDReaderUITests";
				PRODUCT_NAME = "$(TARGET_NAME)";
				TEST_TARGET_NAME = KDReader;
			};
			name = Debug;
		};
		B7D6103D1EC9C0870065B920 /* Release */ = {
			isa = XCBuildConfiguration;
			buildSettings = {
				INFOPLIST_FILE = KDReaderUITests/Info.plist;
				LD_RUNPATH_SEARCH_PATHS = "$(inherited) @executable_path/Frameworks @loader_path/Frameworks";
				PRODUCT_BUNDLE_IDENTIFIER = "xiaoqib-TnT.KDReaderUITests";
				PRODUCT_NAME = "$(TARGET_NAME)";
				TEST_TARGET_NAME = KDReader;
			};
			name = Release;
		};
/* End XCBuildConfiguration section */

/* Begin XCConfigurationList section */
		B7D610031EC9C0870065B920 /* Build configuration list for PBXProject "KDReader" */ = {
			isa = XCConfigurationList;
			buildConfigurations = (
				B7D610331EC9C0870065B920 /* Debug */,
				B7D610341EC9C0870065B920 /* Release */,
			);
			defaultConfigurationIsVisible = 0;
			defaultConfigurationName = Release;
		};
		B7D610351EC9C0870065B920 /* Build configuration list for PBXNativeTarget "KDReader" */ = {
			isa = XCConfigurationList;
			buildConfigurations = (
				B7D610361EC9C0870065B920 /* Debug */,
				B7D610371EC9C0870065B920 /* Release */,
			);
			defaultConfigurationIsVisible = 0;
			defaultConfigurationName = Release;
		};
		B7D610381EC9C0870065B920 /* Build configuration list for PBXNativeTarget "KDReaderTests" */ = {
			isa = XCConfigurationList;
			buildConfigurations = (
				B7D610391EC9C0870065B920 /* Debug */,
				B7D6103A1EC9C0870065B920 /* Release */,
			);
			defaultConfigurationIsVisible = 0;
			defaultConfigurationName = Release;
		};
		B7D6103B1EC9C0870065B920 /* Build configuration list for PBXNativeTarget "KDReaderUITests" */ = {
			isa = XCConfigurationList;
			buildConfigurations = (
				B7D6103C1EC9C0870065B920 /* Debug */,
				B7D6103D1EC9C0870065B920 /* Release */,
			);
			defaultConfigurationIsVisible = 0;
			defaultConfigurationName = Release;
		};
/* End XCConfigurationList section */
	};
	rootObject = B7D610001EC9C0870065B920 /* Project object */;
}
